
Microsoft Visual Studio Solution File, Format Version 12.00
# Visual Studio 14
VisualStudioVersion = 14.0.23107.0
MinimumVisualStudioVersion = 10.0.40219.1
Project("{FAE04EC0-301F-11D3-BF4B-00C04F79EFBC}") = "WooCommerce", "WooCommerce\WooCommerce.csproj", "{34E19D37-2B9B-42AF-BCBB-A4BB531111F2}"
EndProject
Project("{FAE04EC0-301F-11D3-BF4B-00C04F79EFBC}") = "ConsoleApplication1", "ConsoleApplication1\ConsoleApplication1.csproj", "{7131FBA1-6514-485D-81AE-8DF0B8C49793}"
EndProject
Project("{FAE04EC0-301F-11D3-BF4B-00C04F79EFBC}") = "WooCommerce.Automation", "WooCommerce.Automation\WooCommerce.Automation.csproj", "{14A6E3A7-3601-465B-90A9-1A7E109D27AE}"
EndProject
Project("{FAE04EC0-301F-11D3-BF4B-00C04F79EFBC}") = "WooCommerce.UI", "WooCommerce.UI\WooCommerce.UI.csproj", "{AD2E9C59-B647-41FC-93EE-57DA0880A03A}"
EndProject
Project("{FAE04EC0-301F-11D3-BF4B-00C04F79EFBC}") = "WooCommerce.Bot.UI", "WooCommerce.Bot.UI\WooCommerce.Bot.UI.csproj", "{C44CA07C-C198-48DB-8CF2-55FB146DFB72}"
EndProject
Project("{FAE04EC0-301F-11D3-BF4B-00C04F79EFBC}") = "WordPressSharp", "WordPressSharp\WordPressSharp.csproj", "{7A938355-0B6B-48B7-97FB-C0C09015307B}"
EndProject
Project("{FAE04EC0-301F-11D3-BF4B-00C04F79EFBC}") = "WooCommerce.Bot.Update", "WooCommerce.Bot.Update\WooCommerce.Bot.Update.csproj", "{D04A34CE-443A-45DB-9D7E-A4BD18D0332E}"
EndProject
Global
	GlobalSection(SolutionConfigurationPlatforms) = preSolution
		Debug|Any CPU = Debug|Any CPU
		Release|Any CPU = Release|Any CPU
	EndGlobalSection
	GlobalSection(ProjectConfigurationPlatforms) = postSolution
		{34E19D37-2B9B-42AF-BCBB-A4BB531111F2}.Debug|Any CPU.ActiveCfg = Debug|Any CPU
		{34E19D37-2B9B-42AF-BCBB-A4BB531111F2}.Debug|Any CPU.Build.0 = Debug|Any CPU
		{34E19D37-2B9B-42AF-BCBB-A4BB531111F2}.Release|Any CPU.ActiveCfg = Release|Any CPU
		{34E19D37-2B9B-42AF-BCBB-A4BB531111F2}.Release|Any CPU.Build.0 = Release|Any CPU
		{7131FBA1-6514-485D-81AE-8DF0B8C49793}.Debug|Any CPU.ActiveCfg = Debug|Any CPU
		{7131FBA1-6514-485D-81AE-8DF0B8C49793}.Debug|Any CPU.Build.0 = Debug|Any CPU
		{7131FBA1-6514-485D-81AE-8DF0B8C49793}.Release|Any CPU.ActiveCfg = Release|Any CPU
		{7131FBA1-6514-485D-81AE-8DF0B8C49793}.Release|Any CPU.Build.0 = Release|Any CPU
		{14A6E3A7-3601-465B-90A9-1A7E109D27AE}.Debug|Any CPU.ActiveCfg = Debug|Any CPU
		{14A6E3A7-3601-465B-90A9-1A7E109D27AE}.Debug|Any CPU.Build.0 = Debug|Any CPU
		{14A6E3A7-3601-465B-90A9-1A7E109D27AE}.Release|Any CPU.ActiveCfg = Release|Any CPU
		{14A6E3A7-3601-465B-90A9-1A7E109D27AE}.Release|Any CPU.Build.0 = Release|Any CPU
		{AD2E9C59-B647-41FC-93EE-57DA0880A03A}.Debug|Any CPU.ActiveCfg = Debug|Any CPU
		{AD2E9C59-B647-41FC-93EE-57DA0880A03A}.Debug|Any CPU.Build.0 = Debug|Any CPU
		{AD2E9C59-B647-41FC-93EE-57DA0880A03A}.Release|Any CPU.ActiveCfg = Release|Any CPU
		{AD2E9C59-B647-41FC-93EE-57DA0880A03A}.Release|Any CPU.Build.0 = Release|Any CPU
		{C44CA07C-C198-48DB-8CF2-55FB146DFB72}.Debug|Any CPU.ActiveCfg = Debug|Any CPU
		{C44CA07C-C198-48DB-8CF2-55FB146DFB72}.Debug|Any CPU.Build.0 = Debug|Any CPU
		{C44CA07C-C198-48DB-8CF2-55FB146DFB72}.Release|Any CPU.ActiveCfg = Release|Any CPU
		{C44CA07C-C198-48DB-8CF2-55FB146DFB72}.Release|Any CPU.Build.0 = Release|Any CPU
		{7A938355-0B6B-48B7-97FB-C0C09015307B}.Debug|Any CPU.ActiveCfg = Debug|Any CPU
		{7A938355-0B6B-48B7-97FB-C0C09015307B}.Debug|Any CPU.Build.0 = Debug|Any CPU
		{7A938355-0B6B-48B7-97FB-C0C09015307B}.Release|Any CPU.ActiveCfg = Release|Any CPU
		{7A938355-0B6B-48B7-97FB-C0C09015307B}.Release|Any CPU.Build.0 = Release|Any CPU
		{D04A34CE-443A-45DB-9D7E-A4BD18D0332E}.Debug|Any CPU.ActiveCfg = Debug|Any CPU
		{D04A34CE-443A-45DB-9D7E-A4BD18D0332E}.Debug|Any CPU.Build.0 = Debug|Any CPU
		{D04A34CE-443A-45DB-9D7E-A4BD18D0332E}.Release|Any CPU.ActiveCfg = Release|Any CPU
		{D04A34CE-443A-45DB-9D7E-A4BD18D0332E}.Release|Any CPU.Build.0 = Release|Any CPU
	EndGlobalSection
	GlobalSection(SolutionProperties) = preSolution
		HideSolutionNode = FALSE
	EndGlobalSection
EndGlobal
